
Microsoft Visual Studio Solution File, Format Version 12.00
# Visual Studio 15
VisualStudioVersion = 15.0.28010.2003
MinimumVisualStudioVersion = 10.0.40219.1
Project("{9A19103F-16F7-4668-BE54-9A1E7A4F7556}") = "ThirdPartyDemo", "ThirdPartyDemo.csproj", "{C173EBBF-FFF6-47C5-B2B8-D14F83E6B0EA}"
EndProject
Global
	GlobalSection(SolutionConfigurationPlatforms) = preSolution
		Debug|Any CPU = Debug|Any CPU
		Release|Any CPU = Release|Any CPU
	EndGlobalSection
	GlobalSection(ProjectConfigurationPlatforms) = postSolution
		{C173EBBF-FFF6-47C5-B2B8-D14F83E6B0EA}.Debug|Any CPU.ActiveCfg = Debug|Any CPU
		{C173EBBF-FFF6-47C5-B2B8-D14F83E6B0EA}.Debug|Any CPU.Build.0 = Debug|Any CPU
		{C173EBBF-FFF6-47C5-B2B8-D14F83E6B0EA}.Release|Any CPU.ActiveCfg = Release|Any CPU
		{C173EBBF-FFF6-47C5-B2B8-D14F83E6B0EA}.Release|Any CPU.Build.0 = Release|Any CPU
	EndGlobalSection
	GlobalSection(SolutionProperties) = preSolution
		HideSolutionNode = FALSE
	EndGlobalSection
	GlobalSection(ExtensibilityGlobals) = postSolution
		SolutionGuid = {505EE5B8-EBE0-4797-AF0D-FEBDCC181484}
	EndGlobalSection
EndGlobal
